
Microsoft Visual Studio Solution File, Format Version 12.00
# Visual Studio Version 17
VisualStudioVersion = 17.1.32210.238
MinimumVisualStudioVersion = 10.0.40219.1
Project("{8BC9CEB8-8B4A-11D0-8D11-00A0C91BC942}") = "BOJ_21638", "BOJ_21638.vcxproj", "{AF0080D6-1016-4A9E-B529-1F643D121F27}"
EndProject
Global
	GlobalSection(SolutionConfigurationPlatforms) = preSolution
		Debug|x64 = Debug|x64
		Release|x64 = Release|x64
	EndGlobalSection
	GlobalSection(ProjectConfigurationPlatforms) = postSolution
		{AF0080D6-1016-4A9E-B529-1F643D121F27}.Debug|x64.ActiveCfg = Debug|x64
		{AF0080D6-1016-4A9E-B529-1F643D121F27}.Debug|x64.Build.0 = Debug|x64
		{AF0080D6-1016-4A9E-B529-1F643D121F27}.Release|x64.ActiveCfg = Release|x64
		{AF0080D6-1016-4A9E-B529-1F643D121F27}.Release|x64.Build.0 = Release|x64
	EndGlobalSection
	GlobalSection(SolutionProperties) = preSolution
		HideSolutionNode = FALSE
	EndGlobalSection
	GlobalSection(ExtensibilityGlobals) = postSolution
		SolutionGuid = {73F4FB44-200A-442A-BC48-DEC10F9503EA}
	EndGlobalSection
EndGlobal
